
Microsoft Visual Studio Solution File, Format Version 12.00
# Visual Studio 14
VisualStudioVersion = 14.0.23107.0
MinimumVisualStudioVersion = 10.0.40219.1
Project("{FAE04EC0-301F-11D3-BF4B-00C04F79EFBC}") = "FastlyNet", "FastlyNet\FastlyNet.csproj", "{857AE0EC-D79C-44AF-8FAD-1849434A4B8E}"
EndProject
Global
	GlobalSection(SolutionConfigurationPlatforms) = preSolution
		Debug|Any CPU = Debug|Any CPU
		Release|Any CPU = Release|Any CPU
	EndGlobalSection
	GlobalSection(ProjectConfigurationPlatforms) = postSolution
		{857AE0EC-D79C-44AF-8FAD-1849434A4B8E}.Debug|Any CPU.ActiveCfg = Debug|Any CPU
		{857AE0EC-D79C-44AF-8FAD-1849434A4B8E}.Debug|Any CPU.Build.0 = Debug|Any CPU
		{857AE0EC-D79C-44AF-8FAD-1849434A4B8E}.Release|Any CPU.ActiveCfg = Release|Any CPU
		{857AE0EC-D79C-44AF-8FAD-1849434A4B8E}.Release|Any CPU.Build.0 = Release|Any CPU
	EndGlobalSection
	GlobalSection(SolutionProperties) = preSolution
		HideSolutionNode = FALSE
	EndGlobalSection
EndGlobal
